
Microsoft Visual Studio Solution File, Format Version 12.00
# Visual Studio Version 17
VisualStudioVersion = 17.8.34511.84
MinimumVisualStudioVersion = 10.0.40219.1
Project("{FAE04EC0-301F-11D3-BF4B-00C04F79EFBC}") = "wpf_proj", "wpf_proj\wpf_proj.csproj", "{D75C2025-9722-463B-97F6-FCDAAD358921}"
EndProject
Global
	GlobalSection(SolutionConfigurationPlatforms) = preSolution
		Debug|Any CPU = Debug|Any CPU
		Release|Any CPU = Release|Any CPU
	EndGlobalSection
	GlobalSection(ProjectConfigurationPlatforms) = postSolution
		{D75C2025-9722-463B-97F6-FCDAAD358921}.Debug|Any CPU.ActiveCfg = Debug|Any CPU
		{D75C2025-9722-463B-97F6-FCDAAD358921}.Debug|Any CPU.Build.0 = Debug|Any CPU
		{D75C2025-9722-463B-97F6-FCDAAD358921}.Release|Any CPU.ActiveCfg = Release|Any CPU
		{D75C2025-9722-463B-97F6-FCDAAD358921}.Release|Any CPU.Build.0 = Release|Any CPU
	EndGlobalSection
	GlobalSection(SolutionProperties) = preSolution
		HideSolutionNode = FALSE
	EndGlobalSection
	GlobalSection(ExtensibilityGlobals) = postSolution
		SolutionGuid = {BC5ED752-91F9-4D7E-BA64-EB8F571C241B}
	EndGlobalSection
EndGlobal
